// !$*UTF8*$!
{
	archiveVersion = 1;
	classes = {
	};
	objectVersion = 56;
	objects = {

/* Begin PBXBuildFile section */
		FA469FDA2A8F5A1900ECB788 /* Todo_App_SwiftUIApp.swift in Sources */ = {isa = PBXBuildFile; fileRef = FA469FD92A8F5A1900ECB788 /* Todo_App_SwiftUIApp.swift */; };
		FA469FDC2A8F5A1900ECB788 /* ContentView.swift in Sources */ = {isa = PBXBuildFile; fileRef = FA469FDB2A8F5A1900ECB788 /* ContentView.swift */; };
		FA469FDE2A8F5A3000ECB788 /* Assets.xcassets in Resources */ = {isa = PBXBuildFile; fileRef = FA469FDD2A8F5A3000ECB788 /* Assets.xcassets */; };
		FA469FE12A8F5A3000ECB788 /* Preview Assets.xcassets in Resources */ = {isa = PBXBuildFile; fileRef = FA469FE02A8F5A3000ECB788 /* Preview Assets.xcassets */; };
		FA469FE32A8F5A3000ECB788 /* Persistence.swift in Sources */ = {isa = PBXBuildFile; fileRef = FA469FE22A8F5A3000ECB788 /* Persistence.swift */; };
		FA469FE62A8F5A3000ECB788 /* Todo_App_SwiftUI.xcdatamodeld in Sources */ = {isa = PBXBuildFile; fileRef = FA469FE42A8F5A3000ECB788 /* Todo_App_SwiftUI.xcdatamodeld */; };
		FA469FEE2A8F5C4700ECB788 /* AddTodoView.swift in Sources */ = {isa = PBXBuildFile; fileRef = FA469FED2A8F5C4700ECB788 /* AddTodoView.swift */; };
		FA86CF8F2A93C3D70095CB61 /* Launch Screen.storyboard in Resources */ = {isa = PBXBuildFile; fileRef = FA86CF8E2A93C3D70095CB61 /* Launch Screen.storyboard */; };
		FA86CF922A93C7040095CB61 /* EmptyListView.swift in Sources */ = {isa = PBXBuildFile; fileRef = FA86CF912A93C7040095CB61 /* EmptyListView.swift */; };
/* End PBXBuildFile section */

/* Begin PBXFileReference section */
		FA469FD62A8F5A1900ECB788 /* Todo App SwiftUI.app */ = {isa = PBXFileReference; explicitFileType = wrapper.application; includeInIndex = 0; path = "Todo App SwiftUI.app"; sourceTree = BUILT_PRODUCTS_DIR; };
		FA469FD92A8F5A1900ECB788 /* Todo_App_SwiftUIApp.swift */ = {isa = PBXFileReference; lastKnownFileType = sourcecode.swift; path = Todo_App_SwiftUIApp.swift; sourceTree = "<group>"; };
		FA469FDB2A8F5A1900ECB788 /* ContentView.swift */ = {isa = PBXFileReference; lastKnownFileType = sourcecode.swift; path = ContentView.swift; sourceTree = "<group>"; };
		FA469FDD2A8F5A3000ECB788 /* Assets.xcassets */ = {isa = PBXFileReference; lastKnownFileType = folder.assetcatalog; path = Assets.xcassets; sourceTree = "<group>"; };
		FA469FE02A8F5A3000ECB788 /* Preview Assets.xcassets */ = {isa = PBXFileReference; lastKnownFileType = folder.assetcatalog; path = "Preview Assets.xcassets"; sourceTree = "<group>"; };
		FA469FE22A8F5A3000ECB788 /* Persistence.swift */ = {isa = PBXFileReference; lastKnownFileType = sourcecode.swift; path = Persistence.swift; sourceTree = "<group>"; };
		FA469FE52A8F5A3000ECB788 /* Todo_App_SwiftUI.xcdatamodel */ = {isa = PBXFileReference; lastKnownFileType = wrapper.xcdatamodel; path = Todo_App_SwiftUI.xcdatamodel; sourceTree = "<group>"; };
		FA469FED2A8F5C4700ECB788 /* AddTodoView.swift */ = {isa = PBXFileReference; lastKnownFileType = sourcecode.swift; path = AddTodoView.swift; sourceTree = "<group>"; };
		FA86CF8E2A93C3D70095CB61 /* Launch Screen.storyboard */ = {isa = PBXFileReference; lastKnownFileType = file.storyboard; path = "Launch Screen.storyboard"; sourceTree = "<group>"; };
		FA86CF902A93C57A0095CB61 /* Todo-App-SwiftUI-Info.plist */ = {isa = PBXFileReference; lastKnownFileType = text.plist; path = "Todo-App-SwiftUI-Info.plist"; sourceTree = SOURCE_ROOT; };
		FA86CF912A93C7040095CB61 /* EmptyListView.swift */ = {isa = PBXFileReference; lastKnownFileType = sourcecode.swift; path = EmptyListView.swift; sourceTree = "<group>"; };
/* End PBXFileReference section */

/* Begin PBXFrameworksBuildPhase section */
		FA469FD32A8F5A1900ECB788 /* Frameworks */ = {
			isa = PBXFrameworksBuildPhase;
			buildActionMask = 2147483647;
			files = (
			);
			runOnlyForDeploymentPostprocessing = 0;
		};
/* End PBXFrameworksBuildPhase section */

/* Begin PBXGroup section */
		FA469FCD2A8F5A1900ECB788 = {
			isa = PBXGroup;
			children = (
				FA469FD82A8F5A1900ECB788 /* Todo App SwiftUI */,
				FA469FD72A8F5A1900ECB788 /* Products */,
			);
			sourceTree = "<group>";
		};
		FA469FD72A8F5A1900ECB788 /* Products */ = {
			isa = PBXGroup;
			children = (
				FA469FD62A8F5A1900ECB788 /* Todo App SwiftUI.app */,
			);
			name = Products;
			sourceTree = "<group>";
		};
		FA469FD82A8F5A1900ECB788 /* Todo App SwiftUI */ = {
			isa = PBXGroup;
			children = (
				FA86CF902A93C57A0095CB61 /* Todo-App-SwiftUI-Info.plist */,
				FA86CF8E2A93C3D70095CB61 /* Launch Screen.storyboard */,
				FA469FD92A8F5A1900ECB788 /* Todo_App_SwiftUIApp.swift */,
				FA469FEC2A8F5C3000ECB788 /* View */,
				FA469FDD2A8F5A3000ECB788 /* Assets.xcassets */,
				FA469FE22A8F5A3000ECB788 /* Persistence.swift */,
				FA469FE42A8F5A3000ECB788 /* Todo_App_SwiftUI.xcdatamodeld */,
				FA469FDF2A8F5A3000ECB788 /* Preview Content */,
			);
			path = "Todo App SwiftUI";
			sourceTree = "<group>";
		};
		FA469FDF2A8F5A3000ECB788 /* Preview Content */ = {
			isa = PBXGroup;
			children = (
				FA469FE02A8F5A3000ECB788 /* Preview Assets.xcassets */,
			);
			path = "Preview Content";
			sourceTree = "<group>";
		};
		FA469FEC2A8F5C3000ECB788 /* View */ = {
			isa = PBXGroup;
			children = (
				FA469FDB2A8F5A1900ECB788 /* ContentView.swift */,
				FA469FED2A8F5C4700ECB788 /* AddTodoView.swift */,
				FA86CF912A93C7040095CB61 /* EmptyListView.swift */,
			);
			path = View;
			sourceTree = "<group>";
		};
/* End PBXGroup section */

/* Begin PBXNativeTarget section */
		FA469FD52A8F5A1900ECB788 /* Todo App SwiftUI */ = {
			isa = PBXNativeTarget;
			buildConfigurationList = FA469FE92A8F5A3000ECB788 /* Build configuration list for PBXNativeTarget "Todo App SwiftUI" */;
			buildPhases = (
				FA469FD22A8F5A1900ECB788 /* Sources */,
				FA469FD32A8F5A1900ECB788 /* Frameworks */,
				FA469FD42A8F5A1900ECB788 /* Resources */,
			);
			buildRules = (
			);
			dependencies = (
			);
			name = "Todo App SwiftUI";
			productName = "Todo App SwiftUI";
			productReference = FA469FD62A8F5A1900ECB788 /* Todo App SwiftUI.app */;
			productType = "com.apple.product-type.application";
		};
/* End PBXNativeTarget section */

/* Begin PBXProject section */
		FA469FCE2A8F5A1900ECB788 /* Project object */ = {
			isa = PBXProject;
			attributes = {
				BuildIndependentTargetsInParallel = 1;
				LastSwiftUpdateCheck = 1430;
				LastUpgradeCheck = 1430;
				TargetAttributes = {
					FA469FD52A8F5A1900ECB788 = {
						CreatedOnToolsVersion = 14.3.1;
					};
				};
			};
			buildConfigurationList = FA469FD12A8F5A1900ECB788 /* Build configuration list for PBXProject "Todo App SwiftUI" */;
			compatibilityVersion = "Xcode 14.0";
			developmentRegion = en;
			hasScannedForEncodings = 0;
			knownRegions = (
				en,
				Base,
			);
			mainGroup = FA469FCD2A8F5A1900ECB788;
			productRefGroup = FA469FD72A8F5A1900ECB788 /* Products */;
			projectDirPath = "";
			projectRoot = "";
			targets = (
				FA469FD52A8F5A1900ECB788 /* Todo App SwiftUI */,
			);
		};
/* End PBXProject section */

/* Begin PBXResourcesBuildPhase section */
		FA469FD42A8F5A1900ECB788 /* Resources */ = {
			isa = PBXResourcesBuildPhase;
			buildActionMask = 2147483647;
			files = (
				FA86CF8F2A93C3D70095CB61 /* Launch Screen.storyboard in Resources */,
				FA469FE12A8F5A3000ECB788 /* Preview Assets.xcassets in Resources */,
				FA469FDE2A8F5A3000ECB788 /* Assets.xcassets in Resources */,
			);
			runOnlyForDeploymentPostprocessing = 0;
		};
/* End PBXResourcesBuildPhase section */

/* Begin PBXSourcesBuildPhase section */
		FA469FD22A8F5A1900ECB788 /* Sources */ = {
			isa = PBXSourcesBuildPhase;
			buildActionMask = 2147483647;
			files = (
				FA469FE32A8F5A3000ECB788 /* Persistence.swift in Sources */,
				FA469FE62A8F5A3000ECB788 /* Todo_App_SwiftUI.xcdatamodeld in Sources */,
				FA86CF922A93C7040095CB61 /* EmptyListView.swift in Sources */,
				FA469FDC2A8F5A1900ECB788 /* ContentView.swift in Sources */,
				FA469FDA2A8F5A1900ECB788 /* Todo_App_SwiftUIApp.swift in Sources */,
				FA469FEE2A8F5C4700ECB788 /* AddTodoView.swift in Sources */,
			);
			runOnlyForDeploymentPostprocessing = 0;
		};
/* End PBXSourcesBuildPhase section */

/* Begin XCBuildConfiguration section */
		FA469FE72A8F5A3000ECB788 /* Debug */ = {
			isa = XCBuildConfiguration;
			buildSettings = {
				ALWAYS_SEARCH_USER_PATHS = NO;
				CLANG_ANALYZER_NONNULL = YES;
				CLANG_ANALYZER_NUMBER_OBJECT_CONVERSION = YES_AGGRESSIVE;
				CLANG_CXX_LANGUAGE_STANDARD = "gnu++20";
				CLANG_ENABLE_MODULES = YES;
				CLANG_ENABLE_OBJC_ARC = YES;
				CLANG_ENABLE_OBJC_WEAK = YES;
				CLANG_WARN_BLOCK_CAPTURE_AUTORELEASING = YES;
				CLANG_WARN_BOOL_CONVERSION = YES;
				CLANG_WARN_COMMA = YES;
				CLANG_WARN_CONSTANT_CONVERSION = YES;
				CLANG_WARN_DEPRECATED_OBJC_IMPLEMENTATIONS = YES;
				CLANG_WARN_DIRECT_OBJC_ISA_USAGE = YES_ERROR;
				CLANG_WARN_DOCUMENTATION_COMMENTS = YES;
				CLANG_WARN_EMPTY_BODY = YES;
				CLANG_WARN_ENUM_CONVERSION = YES;
				CLANG_WARN_INFINITE_RECURSION = YES;
				CLANG_WARN_INT_CONVERSION = YES;
				CLANG_WARN_NON_LITERAL_NULL_CONVERSION = YES;
				CLANG_WARN_OBJC_IMPLICIT_RETAIN_SELF = YES;
				CLANG_WARN_OBJC_LITERAL_CONVERSION = YES;
				CLANG_WARN_OBJC_ROOT_CLASS = YES_ERROR;
				CLANG_WARN_QUOTED_INCLUDE_IN_FRAMEWORK_HEADER = YES;
				CLANG_WARN_RANGE_LOOP_ANALYSIS = YES;
				CLANG_WARN_STRICT_PROTOTYPES = YES;
				CLANG_WARN_SUSPICIOUS_MOVE = YES;
				CLANG_WARN_UNGUARDED_AVAILABILITY = YES_AGGRESSIVE;
				CLANG_WARN_UNREACHABLE_CODE = YES;
				CLANG_WARN__DUPLICATE_METHOD_MATCH = YES;
				COPY_PHASE_STRIP = NO;
				DEBUG_INFORMATION_FORMAT = dwarf;
				ENABLE_STRICT_OBJC_MSGSEND = YES;
				ENABLE_TESTABILITY = YES;
				GCC_C_LANGUAGE_STANDARD = gnu11;
				GCC_DYNAMIC_NO_PIC = NO;
				GCC_NO_COMMON_BLOCKS = YES;
				GCC_OPTIMIZATION_LEVEL = 0;
				GCC_PREPROCESSOR_DEFINITIONS = (
					"DEBUG=1",
					"$(inherited)",
				);
				GCC_WARN_64_TO_32_BIT_CONVERSION = YES;
				GCC_WARN_ABOUT_RETURN_TYPE = YES_ERROR;
				GCC_WARN_UNDECLARED_SELECTOR = YES;
				GCC_WARN_UNINITIALIZED_AUTOS = YES_AGGRESSIVE;
				GCC_WARN_UNUSED_FUNCTION = YES;
				GCC_WARN_UNUSED_VARIABLE = YES;
				IPHONEOS_DEPLOYMENT_TARGET = 16.4;
				MTL_ENABLE_DEBUG_INFO = INCLUDE_SOURCE;
				MTL_FAST_MATH = YES;
				ONLY_ACTIVE_ARCH = YES;
				SDKROOT = iphoneos;
				SWIFT_ACTIVE_COMPILATION_CONDITIONS = DEBUG;
				SWIFT_OPTIMIZATION_LEVEL = "-Onone";
			};
			name = Debug;
		};
		FA469FE82A8F5A3000ECB788 /* Release */ = {
			isa = XCBuildConfiguration;
			buildSettings = {
				ALWAYS_SEARCH_USER_PATHS = NO;
				CLANG_ANALYZER_NONNULL = YES;
				CLANG_ANALYZER_NUMBER_OBJECT_CONVERSION = YES_AGGRESSIVE;
				CLANG_CXX_LANGUAGE_STANDARD = "gnu++20";
				CLANG_ENABLE_MODULES = YES;
				CLANG_ENABLE_OBJC_ARC = YES;
				CLANG_ENABLE_OBJC_WEAK = YES;
				CLANG_WARN_BLOCK_CAPTURE_AUTORELEASING = YES;
				CLANG_WARN_BOOL_CONVERSION = YES;
				CLANG_WARN_COMMA = YES;
				CLANG_WARN_CONSTANT_CONVERSION = YES;
				CLANG_WARN_DEPRECATED_OBJC_IMPLEMENTATIONS = YES;
				CLANG_WARN_DIRECT_OBJC_ISA_USAGE = YES_ERROR;
				CLANG_WARN_DOCUMENTATION_COMMENTS = YES;
				CLANG_WARN_EMPTY_BODY = YES;
				CLANG_WARN_ENUM_CONVERSION = YES;
				CLANG_WARN_INFINITE_RECURSION = YES;
				CLANG_WARN_INT_CONVERSION = YES;
				CLANG_WARN_NON_LITERAL_NULL_CONVERSION = YES;
				CLANG_WARN_OBJC_IMPLICIT_RETAIN_SELF = YES;
				CLANG_WARN_OBJC_LITERAL_CONVERSION = YES;
				CLANG_WARN_OBJC_ROOT_CLASS = YES_ERROR;
				CLANG_WARN_QUOTED_INCLUDE_IN_FRAMEWORK_HEADER = YES;
				CLANG_WARN_RANGE_LOOP_ANALYSIS = YES;
				CLANG_WARN_STRICT_PROTOTYPES = YES;
				CLANG_WARN_SUSPICIOUS_MOVE = YES;
				CLANG_WARN_UNGUARDED_AVAILABILITY = YES_AGGRESSIVE;
				CLANG_WARN_UNREACHABLE_CODE = YES;
				CLANG_WARN__DUPLICATE_METHOD_MATCH = YES;
				COPY_PHASE_STRIP = NO;
				DEBUG_INFORMATION_FORMAT = "dwarf-with-dsym";
				ENABLE_NS_ASSERTIONS = NO;
				ENABLE_STRICT_OBJC_MSGSEND = YES;
				GCC_C_LANGUAGE_STANDARD = gnu11;
				GCC_NO_COMMON_BLOCKS = YES;
				GCC_WARN_64_TO_32_BIT_CONVERSION = YES;
				GCC_WARN_ABOUT_RETURN_TYPE = YES_ERROR;
				GCC_WARN_UNDECLARED_SELECTOR = YES;
				GCC_WARN_UNINITIALIZED_AUTOS = YES_AGGRESSIVE;
				GCC_WARN_UNUSED_FUNCTION = YES;
				GCC_WARN_UNUSED_VARIABLE = YES;
				IPHONEOS_DEPLOYMENT_TARGET = 16.4;
				MTL_ENABLE_DEBUG_INFO = NO;
				MTL_FAST_MATH = YES;
				SDKROOT = iphoneos;
				SWIFT_COMPILATION_MODE = wholemodule;
				SWIFT_OPTIMIZATION_LEVEL = "-O";
				VALIDATE_PRODUCT = YES;
			};
			name = Release;
		};
		FA469FEA2A8F5A3000ECB788 /* Debug */ = {
			isa = XCBuildConfiguration;
			buildSettings = {
				ASSETCATALOG_COMPILER_APPICON_NAME = AppIcon;
				ASSETCATALOG_COMPILER_GLOBAL_ACCENT_COLOR_NAME = AccentColor;
				ASSETCATALOG_COMPILER_INCLUDE_ALL_APPICON_ASSETS = YES;
				CODE_SIGN_STYLE = Automatic;
				CURRENT_PROJECT_VERSION = 1;
				DEVELOPMENT_ASSET_PATHS = "\"Todo App SwiftUI/Preview Content\"";
				ENABLE_PREVIEWS = YES;
				GENERATE_INFOPLIST_FILE = YES;
				INFOPLIST_FILE = "Todo-App-SwiftUI-Info.plist";
				INFOPLIST_KEY_UIApplicationSceneManifest_Generation = YES;
				INFOPLIST_KEY_UIApplicationSupportsIndirectInputEvents = YES;
				INFOPLIST_KEY_UILaunchScreen_Generation = YES;
				INFOPLIST_KEY_UILaunchStoryboardName = "Launch Screen.storyboard";
				INFOPLIST_KEY_UISupportedInterfaceOrientations = UIInterfaceOrientationPortrait;
				INFOPLIST_KEY_UISupportedInterfaceOrientations_iPad = "UIInterfaceOrientationLandscapeLeft UIInterfaceOrientationLandscapeRight UIInterfaceOrientationPortrait UIInterfaceOrientationPortraitUpsideDown";
				LD_RUNPATH_SEARCH_PATHS = (
					"$(inherited)",
					"@executable_path/Frameworks",
				);
				MARKETING_VERSION = 1.0;
				PRODUCT_BUNDLE_IDENTIFIER = "com.Todo-App-SwiftUI";
				PRODUCT_NAME = "$(TARGET_NAME)";
				SWIFT_EMIT_LOC_STRINGS = YES;
				SWIFT_VERSION = 5.0;
				TARGETED_DEVICE_FAMILY = "1,2";
			};
			name = Debug;
		};
		FA469FEB2A8F5A3000ECB788 /* Release */ = {
			isa = XCBuildConfiguration;
			buildSettings = {
				ASSETCATALOG_COMPILER_APPICON_NAME = AppIcon;
				ASSETCATALOG_COMPILER_GLOBAL_ACCENT_COLOR_NAME = AccentColor;
				ASSETCATALOG_COMPILER_INCLUDE_ALL_APPICON_ASSETS = YES;
				CODE_SIGN_STYLE = Automatic;
				CURRENT_PROJECT_VERSION = 1;
				DEVELOPMENT_ASSET_PATHS = "\"Todo App SwiftUI/Preview Content\"";
				ENABLE_PREVIEWS = YES;
				GENERATE_INFOPLIST_FILE = YES;
				INFOPLIST_FILE = "Todo-App-SwiftUI-Info.plist";
				INFOPLIST_KEY_UIApplicationSceneManifest_Generation = YES;
				INFOPLIST_KEY_UIApplicationSupportsIndirectInputEvents = YES;
				INFOPLIST_KEY_UILaunchScreen_Generation = YES;
				INFOPLIST_KEY_UILaunchStoryboardName = "Launch Screen.storyboard";
				INFOPLIST_KEY_UISupportedInterfaceOrientations = UIInterfaceOrientationPortrait;
				INFOPLIST_KEY_UISupportedInterfaceOrientations_iPad = "UIInterfaceOrientationLandscapeLeft UIInterfaceOrientationLandscapeRight UIInterfaceOrientationPortrait UIInterfaceOrientationPortraitUpsideDown";
				LD_RUNPATH_SEARCH_PATHS = (
					"$(inherited)",
					"@executable_path/Frameworks",
				);
				MARKETING_VERSION = 1.0;
				PRODUCT_BUNDLE_IDENTIFIER = "com.Todo-App-SwiftUI";
				PRODUCT_NAME = "$(TARGET_NAME)";
				SWIFT_EMIT_LOC_STRINGS = YES;
				SWIFT_VERSION = 5.0;
				TARGETED_DEVICE_FAMILY = "1,2";
			};
			name = Release;
		};
/* End XCBuildConfiguration section */

/* Begin XCConfigurationList section */
		FA469FD12A8F5A1900ECB788 /* Build configuration list for PBXProject "Todo App SwiftUI" */ = {
			isa = XCConfigurationList;
			buildConfigurations = (
				FA469FE72A8F5A3000ECB788 /* Debug */,
				FA469FE82A8F5A3000ECB788 /* Release */,
			);
			defaultConfigurationIsVisible = 0;
			defaultConfigurationName = Release;
		};
		FA469FE92A8F5A3000ECB788 /* Build configuration list for PBXNativeTarget "Todo App SwiftUI" */ = {
			isa = XCConfigurationList;
			buildConfigurations = (
				FA469FEA2A8F5A3000ECB788 /* Debug */,
				FA469FEB2A8F5A3000ECB788 /* Release */,
			);
			defaultConfigurationIsVisible = 0;
			defaultConfigurationName = Release;
		};
/* End XCConfigurationList section */

/* Begin XCVersionGroup section */
		FA469FE42A8F5A3000ECB788 /* Todo_App_SwiftUI.xcdatamodeld */ = {
			isa = XCVersionGroup;
			children = (
				FA469FE52A8F5A3000ECB788 /* Todo_App_SwiftUI.xcdatamodel */,
			);
			currentVersion = FA469FE52A8F5A3000ECB788 /* Todo_App_SwiftUI.xcdatamodel */;
			path = Todo_App_SwiftUI.xcdatamodeld;
			sourceTree = "<group>";
			versionGroupType = wrapper.xcdatamodel;
		};
/* End XCVersionGroup section */
	};
	rootObject = FA469FCE2A8F5A1900ECB788 /* Project object */;
}
